// !$*UTF8*$!
{
	archiveVersion = 1;
	classes = {
	};
	objectVersion = 50;
	objects = {

/* Begin PBXBuildFile section */
		48CD112A2640D25E00A0051B /* AppDelegate.swift in Sources */ = {isa = PBXBuildFile; fileRef = 48CD11292640D25E00A0051B /* AppDelegate.swift */; };
		48CD112C2640D25E00A0051B /* SceneDelegate.swift in Sources */ = {isa = PBXBuildFile; fileRef = 48CD112B2640D25E00A0051B /* SceneDelegate.swift */; };
		48CD112E2640D25E00A0051B /* ViewController.swift in Sources */ = {isa = PBXBuildFile; fileRef = 48CD112D2640D25E00A0051B /* ViewController.swift */; };
		48CD11312640D25E00A0051B /* Main.storyboard in Resources */ = {isa = PBXBuildFile; fileRef = 48CD112F2640D25E00A0051B /* Main.storyboard */; };
		48CD11332640D25E00A0051B /* Assets.xcassets in Resources */ = {isa = PBXBuildFile; fileRef = 48CD11322640D25E00A0051B /* Assets.xcassets */; };
		48CD11362640D25E00A0051B /* LaunchScreen.storyboard in Resources */ = {isa = PBXBuildFile; fileRef = 48CD11342640D25E00A0051B /* LaunchScreen.storyboard */; };
		48CD113F2640F22800A0051B /* SecondViewController.swift in Sources */ = {isa = PBXBuildFile; fileRef = 48CD113E2640F22800A0051B /* SecondViewController.swift */; };
/* End PBXBuildFile section */

/* Begin PBXFileReference section */
		48CD11262640D25E00A0051B /* Chapter04.app */ = {isa = PBXFileReference; explicitFileType = wrapper.application; includeInIndex = 0; path = Chapter04.app; sourceTree = BUILT_PRODUCTS_DIR; };
		48CD11292640D25E00A0051B /* AppDelegate.swift */ = {isa = PBXFileReference; lastKnownFileType = sourcecode.swift; path = AppDelegate.swift; sourceTree = "<group>"; };
		48CD112B2640D25E00A0051B /* SceneDelegate.swift */ = {isa = PBXFileReference; lastKnownFileType = sourcecode.swift; path = SceneDelegate.swift; sourceTree = "<group>"; };
		48CD112D2640D25E00A0051B /* ViewController.swift */ = {isa = PBXFileReference; lastKnownFileType = sourcecode.swift; path = ViewController.swift; sourceTree = "<group>"; };
		48CD11302640D25E00A0051B /* Base */ = {isa = PBXFileReference; lastKnownFileType = file.storyboard; name = Base; path = Base.lproj/Main.storyboard; sourceTree = "<group>"; };
		48CD11322640D25E00A0051B /* Assets.xcassets */ = {isa = PBXFileReference; lastKnownFileType = folder.assetcatalog; path = Assets.xcassets; sourceTree = "<group>"; };
		48CD11352640D25E00A0051B /* Base */ = {isa = PBXFileReference; lastKnownFileType = file.storyboard; name = Base; path = Base.lproj/LaunchScreen.storyboard; sourceTree = "<group>"; };
		48CD11372640D25E00A0051B /* Info.plist */ = {isa = PBXFileReference; lastKnownFileType = text.plist.xml; path = Info.plist; sourceTree = "<group>"; };
		48CD113E2640F22800A0051B /* SecondViewController.swift */ = {isa = PBXFileReference; lastKnownFileType = sourcecode.swift; path = SecondViewController.swift; sourceTree = "<group>"; };
/* End PBXFileReference section */

/* Begin PBXFrameworksBuildPhase section */
		48CD11232640D25E00A0051B /* Frameworks */ = {
			isa = PBXFrameworksBuildPhase;
			buildActionMask = 2147483647;
			files = (
			);
			runOnlyForDeploymentPostprocessing = 0;
		};
/* End PBXFrameworksBuildPhase section */

/* Begin PBXGroup section */
		48CD111D2640D25E00A0051B = {
			isa = PBXGroup;
			children = (
				48CD11282640D25E00A0051B /* Chapter04 */,
				48CD11272640D25E00A0051B /* Products */,
			);
			sourceTree = "<group>";
		};
		48CD11272640D25E00A0051B /* Products */ = {
			isa = PBXGroup;
			children = (
				48CD11262640D25E00A0051B /* Chapter04.app */,
			);
			name = Products;
			sourceTree = "<group>";
		};
		48CD11282640D25E00A0051B /* Chapter04 */ = {
			isa = PBXGroup;
			children = (
				48CD11292640D25E00A0051B /* AppDelegate.swift */,
				48CD112B2640D25E00A0051B /* SceneDelegate.swift */,
				48CD112D2640D25E00A0051B /* ViewController.swift */,
				48CD112F2640D25E00A0051B /* Main.storyboard */,
				48CD11322640D25E00A0051B /* Assets.xcassets */,
				48CD11342640D25E00A0051B /* LaunchScreen.storyboard */,
				48CD11372640D25E00A0051B /* Info.plist */,
				48CD113E2640F22800A0051B /* SecondViewController.swift */,
			);
			path = Chapter04;
			sourceTree = "<group>";
		};
/* End PBXGroup section */

/* Begin PBXNativeTarget section */
		48CD11252640D25E00A0051B /* Chapter04 */ = {
			isa = PBXNativeTarget;
			buildConfigurationList = 48CD113A2640D25E00A0051B /* Build configuration list for PBXNativeTarget "Chapter04" */;
			buildPhases = (
				48CD11222640D25E00A0051B /* Sources */,
				48CD11232640D25E00A0051B /* Frameworks */,
				48CD11242640D25E00A0051B /* Resources */,
			);
			buildRules = (
			);
			dependencies = (
			);
			name = Chapter04;
			productName = Chapter04;
			productReference = 48CD11262640D25E00A0051B /* Chapter04.app */;
			productType = "com.apple.product-type.application";
		};
/* End PBXNativeTarget section */

/* Begin PBXProject section */
		48CD111E2640D25E00A0051B /* Project object */ = {
			isa = PBXProject;
			attributes = {
				LastSwiftUpdateCheck = 1240;
				LastUpgradeCheck = 1240;
				TargetAttributes = {
					48CD11252640D25E00A0051B = {
						CreatedOnToolsVersion = 12.4;
					};
				};
			};
			buildConfigurationList = 48CD11212640D25E00A0051B /* Build configuration list for PBXProject "Chapter04" */;
			compatibilityVersion = "Xcode 9.3";
			developmentRegion = en;
			hasScannedForEncodings = 0;
			knownRegions = (
				en,
				Base,
			);
			mainGroup = 48CD111D2640D25E00A0051B;
			productRefGroup = 48CD11272640D25E00A0051B /* Products */;
			projectDirPath = "";
			projectRoot = "";
			targets = (
				48CD11252640D25E00A0051B /* Chapter04 */,
			);
		};
/* End PBXProject section */

/* Begin PBXResourcesBuildPhase section */
		48CD11242640D25E00A0051B /* Resources */ = {
			isa = PBXResourcesBuildPhase;
			buildActionMask = 2147483647;
			files = (
				48CD11362640D25E00A0051B /* LaunchScreen.storyboard in Resources */,
				48CD11332640D25E00A0051B /* Assets.xcassets in Resources */,
				48CD11312640D25E00A0051B /* Main.storyboard in Resources */,
			);
			runOnlyForDeploymentPostprocessing = 0;
		};
/* End PBXResourcesBuildPhase section */

/* Begin PBXSourcesBuildPhase section */
		48CD11222640D25E00A0051B /* Sources */ = {
			isa = PBXSourcesBuildPhase;
			buildActionMask = 2147483647;
			files = (
				48CD113F2640F22800A0051B /* SecondViewController.swift in Sources */,
				48CD112E2640D25E00A0051B /* ViewController.swift in Sources */,
				48CD112A2640D25E00A0051B /* AppDelegate.swift in Sources */,
				48CD112C2640D25E00A0051B /* SceneDelegate.swift in Sources */,
			);
			runOnlyForDeploymentPostprocessing = 0;
		};
/* End PBXSourcesBuildPhase section */

/* Begin PBXVariantGroup section */
		48CD112F2640D25E00A0051B /* Main.storyboard */ = {
			isa = PBXVariantGroup;
			children = (
				48CD11302640D25E00A0051B /* Base */,
			);
			name = Main.storyboard;
			sourceTree = "<group>";
		};
		48CD11342640D25E00A0051B /* LaunchScreen.storyboard */ = {
			isa = PBXVariantGroup;
			children = (
				48CD11352640D25E00A0051B /* Base */,
			);
			name = LaunchScreen.storyboard;
			sourceTree = "<group>";
		};
/* End PBXVariantGroup section */

/* Begin XCBuildConfiguration section */
		48CD11382640D25E00A0051B /* Debug */ = {
			isa = XCBuildConfiguration;
			buildSettings = {
				ALWAYS_SEARCH_USER_PATHS = NO;
				CLANG_ANALYZER_NONNULL = YES;
				CLANG_ANALYZER_NUMBER_OBJECT_CONVERSION = YES_AGGRESSIVE;
				CLANG_CXX_LANGUAGE_STANDARD = "gnu++14";
				CLANG_CXX_LIBRARY = "libc++";
				CLANG_ENABLE_MODULES = YES;
				CLANG_ENABLE_OBJC_ARC = YES;
				CLANG_ENABLE_OBJC_WEAK = YES;
				CLANG_WARN_BLOCK_CAPTURE_AUTORELEASING = YES;
				CLANG_WARN_BOOL_CONVERSION = YES;
				CLANG_WARN_COMMA = YES;
				CLANG_WARN_CONSTANT_CONVERSION = YES;
				CLANG_WARN_DEPRECATED_OBJC_IMPLEMENTATIONS = YES;
				CLANG_WARN_DIRECT_OBJC_ISA_USAGE = YES_ERROR;
				CLANG_WARN_DOCUMENTATION_COMMENTS = YES;
				CLANG_WARN_EMPTY_BODY = YES;
				CLANG_WARN_ENUM_CONVERSION = YES;
				CLANG_WARN_INFINITE_RECURSION = YES;
				CLANG_WARN_INT_CONVERSION = YES;
				CLANG_WARN_NON_LITERAL_NULL_CONVERSION = YES;
				CLANG_WARN_OBJC_IMPLICIT_RETAIN_SELF = YES;
				CLANG_WARN_OBJC_LITERAL_CONVERSION = YES;
				CLANG_WARN_OBJC_ROOT_CLASS = YES_ERROR;
				CLANG_WARN_QUOTED_INCLUDE_IN_FRAMEWORK_HEADER = YES;
				CLANG_WARN_RANGE_LOOP_ANALYSIS = YES;
				CLANG_WARN_STRICT_PROTOTYPES = YES;
				CLANG_WARN_SUSPICIOUS_MOVE = YES;
				CLANG_WARN_UNGUARDED_AVAILABILITY = YES_AGGRESSIVE;
				CLANG_WARN_UNREACHABLE_CODE = YES;
				CLANG_WARN__DUPLICATE_METHOD_MATCH = YES;
				COPY_PHASE_STRIP = NO;
				DEBUG_INFORMATION_FORMAT = dwarf;
				ENABLE_STRICT_OBJC_MSGSEND = YES;
				ENABLE_TESTABILITY = YES;
				GCC_C_LANGUAGE_STANDARD = gnu11;
				GCC_DYNAMIC_NO_PIC = NO;
				GCC_NO_COMMON_BLOCKS = YES;
				GCC_OPTIMIZATION_LEVEL = 0;
				GCC_PREPROCESSOR_DEFINITIONS = (
					"DEBUG=1",
					"$(inherited)",
				);
				GCC_WARN_64_TO_32_BIT_CONVERSION = YES;
				GCC_WARN_ABOUT_RETURN_TYPE = YES_ERROR;
				GCC_WARN_UNDECLARED_SELECTOR = YES;
				GCC_WARN_UNINITIALIZED_AUTOS = YES_AGGRESSIVE;
				GCC_WARN_UNUSED_FUNCTION = YES;
				GCC_WARN_UNUSED_VARIABLE = YES;
				IPHONEOS_DEPLOYMENT_TARGET = 14.4;
				MTL_ENABLE_DEBUG_INFO = INCLUDE_SOURCE;
				MTL_FAST_MATH = YES;
				ONLY_ACTIVE_ARCH = YES;
				SDKROOT = iphoneos;
				SWIFT_ACTIVE_COMPILATION_CONDITIONS = DEBUG;
				SWIFT_OPTIMIZATION_LEVEL = "-Onone";
			};
			name = Debug;
		};
		48CD11392640D25E00A0051B /* Release */ = {
			isa = XCBuildConfiguration;
			buildSettings = {
				ALWAYS_SEARCH_USER_PATHS = NO;
				CLANG_ANALYZER_NONNULL = YES;
				CLANG_ANALYZER_NUMBER_OBJECT_CONVERSION = YES_AGGRESSIVE;
				CLANG_CXX_LANGUAGE_STANDARD = "gnu++14";
				CLANG_CXX_LIBRARY = "libc++";
				CLANG_ENABLE_MODULES = YES;
				CLANG_ENABLE_OBJC_ARC = YES;
				CLANG_ENABLE_OBJC_WEAK = YES;
				CLANG_WARN_BLOCK_CAPTURE_AUTORELEASING = YES;
				CLANG_WARN_BOOL_CONVERSION = YES;
				CLANG_WARN_COMMA = YES;
				CLANG_WARN_CONSTANT_CONVERSION = YES;
				CLANG_WARN_DEPRECATED_OBJC_IMPLEMENTATIONS = YES;
				CLANG_WARN_DIRECT_OBJC_ISA_USAGE = YES_ERROR;
				CLANG_WARN_DOCUMENTATION_COMMENTS = YES;
				CLANG_WARN_EMPTY_BODY = YES;
				CLANG_WARN_ENUM_CONVERSION = YES;
				CLANG_WARN_INFINITE_RECURSION = YES;
				CLANG_WARN_INT_CONVERSION = YES;
				CLANG_WARN_NON_LITERAL_NULL_CONVERSION = YES;
				CLANG_WARN_OBJC_IMPLICIT_RETAIN_SELF = YES;
				CLANG_WARN_OBJC_LITERAL_CONVERSION = YES;
				CLANG_WARN_OBJC_ROOT_CLASS = YES_ERROR;
				CLANG_WARN_QUOTED_INCLUDE_IN_FRAMEWORK_HEADER = YES;
				CLANG_WARN_RANGE_LOOP_ANALYSIS = YES;
				CLANG_WARN_STRICT_PROTOTYPES = YES;
				CLANG_WARN_SUSPICIOUS_MOVE = YES;
				CLANG_WARN_UNGUARDED_AVAILABILITY = YES_AGGRESSIVE;
				CLANG_WARN_UNREACHABLE_CODE = YES;
				CLANG_WARN__DUPLICATE_METHOD_MATCH = YES;
				COPY_PHASE_STRIP = NO;
				DEBUG_INFORMATION_FORMAT = "dwarf-with-dsym";
				ENABLE_NS_ASSERTIONS = NO;
				ENABLE_STRICT_OBJC_MSGSEND = YES;
				GCC_C_LANGUAGE_STANDARD = gnu11;
				GCC_NO_COMMON_BLOCKS = YES;
				GCC_WARN_64_TO_32_BIT_CONVERSION = YES;
				GCC_WARN_ABOUT_RETURN_TYPE = YES_ERROR;
				GCC_WARN_UNDECLARED_SELECTOR = YES;
				GCC_WARN_UNINITIALIZED_AUTOS = YES_AGGRESSIVE;
				GCC_WARN_UNUSED_FUNCTION = YES;
				GCC_WARN_UNUSED_VARIABLE = YES;
				IPHONEOS_DEPLOYMENT_TARGET = 14.4;
				MTL_ENABLE_DEBUG_INFO = NO;
				MTL_FAST_MATH = YES;
				SDKROOT = iphoneos;
				SWIFT_COMPILATION_MODE = wholemodule;
				SWIFT_OPTIMIZATION_LEVEL = "-O";
				VALIDATE_PRODUCT = YES;
			};
			name = Release;
		};
		48CD113B2640D25E00A0051B /* Debug */ = {
			isa = XCBuildConfiguration;
			buildSettings = {
				ASSETCATALOG_COMPILER_APPICON_NAME = AppIcon;
				ASSETCATALOG_COMPILER_GLOBAL_ACCENT_COLOR_NAME = AccentColor;
				CODE_SIGN_STYLE = Automatic;
				DEVELOPMENT_TEAM = 6F4MJTG4AU;
				INFOPLIST_FILE = Chapter04/Info.plist;
				LD_RUNPATH_SEARCH_PATHS = (
					"$(inherited)",
					"@executable_path/Frameworks",
				);
				PRODUCT_BUNDLE_IDENTIFIER = jayb.Chapter04;
				PRODUCT_NAME = "$(TARGET_NAME)";
				SWIFT_VERSION = 5.0;
				TARGETED_DEVICE_FAMILY = "1,2";
			};
			name = Debug;
		};
		48CD113C2640D25E00A0051B /* Release */ = {
			isa = XCBuildConfiguration;
			buildSettings = {
				ASSETCATALOG_COMPILER_APPICON_NAME = AppIcon;
				ASSETCATALOG_COMPILER_GLOBAL_ACCENT_COLOR_NAME = AccentColor;
				CODE_SIGN_STYLE = Automatic;
				DEVELOPMENT_TEAM = 6F4MJTG4AU;
				INFOPLIST_FILE = Chapter04/Info.plist;
				LD_RUNPATH_SEARCH_PATHS = (
					"$(inherited)",
					"@executable_path/Frameworks",
				);
				PRODUCT_BUNDLE_IDENTIFIER = jayb.Chapter04;
				PRODUCT_NAME = "$(TARGET_NAME)";
				SWIFT_VERSION = 5.0;
				TARGETED_DEVICE_FAMILY = "1,2";
			};
			name = Release;
		};
/* End XCBuildConfiguration section */

/* Begin XCConfigurationList section */
		48CD11212640D25E00A0051B /* Build configuration list for PBXProject "Chapter04" */ = {
			isa = XCConfigurationList;
			buildConfigurations = (
				48CD11382640D25E00A0051B /* Debug */,
				48CD11392640D25E00A0051B /* Release */,
			);
			defaultConfigurationIsVisible = 0;
			defaultConfigurationName = Release;
		};
		48CD113A2640D25E00A0051B /* Build configuration list for PBXNativeTarget "Chapter04" */ = {
			isa = XCConfigurationList;
			buildConfigurations = (
				48CD113B2640D25E00A0051B /* Debug */,
				48CD113C2640D25E00A0051B /* Release */,
			);
			defaultConfigurationIsVisible = 0;
			defaultConfigurationName = Release;
		};
/* End XCConfigurationList section */
	};
	rootObject = 48CD111E2640D25E00A0051B /* Project object */;
}
